
Microsoft Visual Studio Solution File, Format Version 12.00
# Visual Studio Version 16
VisualStudioVersion = 16.0.29905.134
MinimumVisualStudioVersion = 10.0.40219.1
Project("{8BC9CEB8-8B4A-11D0-8D11-00A0C91BC942}") = "MatrixCal", "MatrixCal\MatrixCal.vcxproj", "{9B4C5FE4-866B-42A2-8A0E-D4F560214402}"
EndProject
Global
	GlobalSection(SolutionConfigurationPlatforms) = preSolution
		Debug|x64 = Debug|x64
		Debug|x86 = Debug|x86
		Release|x64 = Release|x64
		Release|x86 = Release|x86
	EndGlobalSection
	GlobalSection(ProjectConfigurationPlatforms) = postSolution
		{9B4C5FE4-866B-42A2-8A0E-D4F560214402}.Debug|x64.ActiveCfg = Debug|x64
		{9B4C5FE4-866B-42A2-8A0E-D4F560214402}.Debug|x64.Build.0 = Debug|x64
		{9B4C5FE4-866B-42A2-8A0E-D4F560214402}.Debug|x86.ActiveCfg = Debug|Win32
		{9B4C5FE4-866B-42A2-8A0E-D4F560214402}.Debug|x86.Build.0 = Debug|Win32
		{9B4C5FE4-866B-42A2-8A0E-D4F560214402}.Release|x64.ActiveCfg = Release|x64
		{9B4C5FE4-866B-42A2-8A0E-D4F560214402}.Release|x64.Build.0 = Release|x64
		{9B4C5FE4-866B-42A2-8A0E-D4F560214402}.Release|x86.ActiveCfg = Release|Win32
		{9B4C5FE4-866B-42A2-8A0E-D4F560214402}.Release|x86.Build.0 = Release|Win32
	EndGlobalSection
	GlobalSection(SolutionProperties) = preSolution
		HideSolutionNode = FALSE
	EndGlobalSection
	GlobalSection(ExtensibilityGlobals) = postSolution
		SolutionGuid = {C8C8D9EA-BCEF-4E34-9701-2D1A152467F7}
	EndGlobalSection
EndGlobal
